
Microsoft Visual Studio Solution File, Format Version 12.00
# Visual Studio Version 17
VisualStudioVersion = 17.3.32825.248
MinimumVisualStudioVersion = 10.0.40219.1
Project("{2150E333-8FDC-42A3-9474-1A3956D46DE8}") = "Services", "Services", "{F43E92FB-7A3D-489D-A574-ACE5DF84FDF6}"
EndProject
Project("{2150E333-8FDC-42A3-9474-1A3956D46DE8}") = "Customers", "Customers", "{AE38ED6E-4ED5-4CD9-A5E1-30CAAE6FF255}"
EndProject
Project("{2150E333-8FDC-42A3-9474-1A3956D46DE8}") = "Catalog", "Catalog", "{8E69075E-4056-4CE4-B966-84E6E3A7A6E5}"
EndProject
Project("{2150E333-8FDC-42A3-9474-1A3956D46DE8}") = "Basket", "Basket", "{174F1735-72A3-46D6-A3F7-2046648DB671}"
EndProject
Project("{2150E333-8FDC-42A3-9474-1A3956D46DE8}") = "Orders", "Orders", "{E55519DD-FD98-49DF-BAD0-A26964684827}"
EndProject
Project("{2150E333-8FDC-42A3-9474-1A3956D46DE8}") = "Stock", "Stock", "{CEFC500F-87AB-47D0-A222-CE3C718A14CE}"
EndProject
Project("{2150E333-8FDC-42A3-9474-1A3956D46DE8}") = "Payment", "Payment", "{93DA57AB-7AE7-4180-8BD8-867D41EDEB41}"
EndProject
Project("{2150E333-8FDC-42A3-9474-1A3956D46DE8}") = "Shipment", "Shipment", "{FFE97F5D-0290-4988-BECF-D5ABAF10A970}"
EndProject
Project("{2150E333-8FDC-42A3-9474-1A3956D46DE8}") = "Invoice", "Invoice", "{568A5989-8536-4812-9662-9D0B941C8924}"
EndProject
Project("{FAE04EC0-301F-11D3-BF4B-00C04F79EFBC}") = "eshop.Catalog.API", "Services\Catalog\eshop.Catalog.API\eshop.Catalog.API.csproj", "{0DEDC30C-D3D9-469A-9A01-78A7C8D5D8AB}"
EndProject
Project("{FAE04EC0-301F-11D3-BF4B-00C04F79EFBC}") = "eshop.Basket.API", "Services\Basket\eshop.Basket.API\eshop.Basket.API.csproj", "{B0A308D3-FC5D-4ACB-A507-258E55442151}"
EndProject
Project("{FAE04EC0-301F-11D3-BF4B-00C04F79EFBC}") = "eshop.Customer.API", "Services\Customer\eshop.Customer.API\eshop.Customer.API.csproj", "{F38E1945-23D0-4041-B6F7-4158D56749DD}"
EndProject
Project("{FAE04EC0-301F-11D3-BF4B-00C04F79EFBC}") = "eshop.Invoice.API", "Services\Invoice\eshop.Invoice.API\eshop.Invoice.API.csproj", "{3073EBD3-84D1-4BBE-AEAA-7FB3B0451DB7}"
EndProject
Project("{FAE04EC0-301F-11D3-BF4B-00C04F79EFBC}") = "ehop.Order.API", "Services\Order\ehop.Order.API\ehop.Order.API.csproj", "{352F7156-8A66-445F-8C1F-C27B26F4271D}"
EndProject
Project("{FAE04EC0-301F-11D3-BF4B-00C04F79EFBC}") = "eshop.Payment.API", "Services\Payment\eshop.Payment.API\eshop.Payment.API.csproj", "{2A1510B0-7FFF-4CA1-A05B-0D53C7A5DB4F}"
EndProject
Project("{FAE04EC0-301F-11D3-BF4B-00C04F79EFBC}") = "eshop.Shipment.API", "Services\Shipment\eshop.Shipment.API\eshop.Shipment.API.csproj", "{B7BD3D84-C71B-44A1-A900-AE5EE1D45685}"
EndProject
Project("{FAE04EC0-301F-11D3-BF4B-00C04F79EFBC}") = "eshop.Stock.API", "Services\Stock\eshop.Stock.API\eshop.Stock.API.csproj", "{9FFFB544-F1C6-426B-9128-DF5D5EB3A597}"
EndProject
Project("{FAE04EC0-301F-11D3-BF4B-00C04F79EFBC}") = "eshop.Catalog.Application", "Services\Catalog\eshop.Catalog.Application\eshop.Catalog.Application.csproj", "{C81EFFA6-E8B4-48D6-9A08-1BDABB4E8E5D}"
EndProject
Project("{FAE04EC0-301F-11D3-BF4B-00C04F79EFBC}") = "eshop.Catalog.DataAccess", "Services\Catalog\eshop.Catalog.DataAccess\eshop.Catalog.DataAccess.csproj", "{71364F8B-1B70-4D30-A76F-71EC07D3A80D}"
EndProject
Project("{FAE04EC0-301F-11D3-BF4B-00C04F79EFBC}") = "eshop.Catalog.Entities", "Services\Catalog\eshop.Catalog.Entities\eshop.Catalog.Entities.csproj", "{AFAADE5A-CA83-4FF2-BEA3-4DD9E58D8DE9}"
EndProject
Global
	GlobalSection(SolutionConfigurationPlatforms) = preSolution
		Debug|Any CPU = Debug|Any CPU
		Release|Any CPU = Release|Any CPU
	EndGlobalSection
	GlobalSection(ProjectConfigurationPlatforms) = postSolution
		{0DEDC30C-D3D9-469A-9A01-78A7C8D5D8AB}.Debug|Any CPU.ActiveCfg = Debug|Any CPU
		{0DEDC30C-D3D9-469A-9A01-78A7C8D5D8AB}.Debug|Any CPU.Build.0 = Debug|Any CPU
		{0DEDC30C-D3D9-469A-9A01-78A7C8D5D8AB}.Release|Any CPU.ActiveCfg = Release|Any CPU
		{0DEDC30C-D3D9-469A-9A01-78A7C8D5D8AB}.Release|Any CPU.Build.0 = Release|Any CPU
		{B0A308D3-FC5D-4ACB-A507-258E55442151}.Debug|Any CPU.ActiveCfg = Debug|Any CPU
		{B0A308D3-FC5D-4ACB-A507-258E55442151}.Debug|Any CPU.Build.0 = Debug|Any CPU
		{B0A308D3-FC5D-4ACB-A507-258E55442151}.Release|Any CPU.ActiveCfg = Release|Any CPU
		{B0A308D3-FC5D-4ACB-A507-258E55442151}.Release|Any CPU.Build.0 = Release|Any CPU
		{F38E1945-23D0-4041-B6F7-4158D56749DD}.Debug|Any CPU.ActiveCfg = Debug|Any CPU
		{F38E1945-23D0-4041-B6F7-4158D56749DD}.Debug|Any CPU.Build.0 = Debug|Any CPU
		{F38E1945-23D0-4041-B6F7-4158D56749DD}.Release|Any CPU.ActiveCfg = Release|Any CPU
		{F38E1945-23D0-4041-B6F7-4158D56749DD}.Release|Any CPU.Build.0 = Release|Any CPU
		{3073EBD3-84D1-4BBE-AEAA-7FB3B0451DB7}.Debug|Any CPU.ActiveCfg = Debug|Any CPU
		{3073EBD3-84D1-4BBE-AEAA-7FB3B0451DB7}.Debug|Any CPU.Build.0 = Debug|Any CPU
		{3073EBD3-84D1-4BBE-AEAA-7FB3B0451DB7}.Release|Any CPU.ActiveCfg = Release|Any CPU
		{3073EBD3-84D1-4BBE-AEAA-7FB3B0451DB7}.Release|Any CPU.Build.0 = Release|Any CPU
		{352F7156-8A66-445F-8C1F-C27B26F4271D}.Debug|Any CPU.ActiveCfg = Debug|Any CPU
		{352F7156-8A66-445F-8C1F-C27B26F4271D}.Debug|Any CPU.Build.0 = Debug|Any CPU
		{352F7156-8A66-445F-8C1F-C27B26F4271D}.Release|Any CPU.ActiveCfg = Release|Any CPU
		{352F7156-8A66-445F-8C1F-C27B26F4271D}.Release|Any CPU.Build.0 = Release|Any CPU
		{2A1510B0-7FFF-4CA1-A05B-0D53C7A5DB4F}.Debug|Any CPU.ActiveCfg = Debug|Any CPU
		{2A1510B0-7FFF-4CA1-A05B-0D53C7A5DB4F}.Debug|Any CPU.Build.0 = Debug|Any CPU
		{2A1510B0-7FFF-4CA1-A05B-0D53C7A5DB4F}.Release|Any CPU.ActiveCfg = Release|Any CPU
		{2A1510B0-7FFF-4CA1-A05B-0D53C7A5DB4F}.Release|Any CPU.Build.0 = Release|Any CPU
		{B7BD3D84-C71B-44A1-A900-AE5EE1D45685}.Debug|Any CPU.ActiveCfg = Debug|Any CPU
		{B7BD3D84-C71B-44A1-A900-AE5EE1D45685}.Debug|Any CPU.Build.0 = Debug|Any CPU
		{B7BD3D84-C71B-44A1-A900-AE5EE1D45685}.Release|Any CPU.ActiveCfg = Release|Any CPU
		{B7BD3D84-C71B-44A1-A900-AE5EE1D45685}.Release|Any CPU.Build.0 = Release|Any CPU
		{9FFFB544-F1C6-426B-9128-DF5D5EB3A597}.Debug|Any CPU.ActiveCfg = Debug|Any CPU
		{9FFFB544-F1C6-426B-9128-DF5D5EB3A597}.Debug|Any CPU.Build.0 = Debug|Any CPU
		{9FFFB544-F1C6-426B-9128-DF5D5EB3A597}.Release|Any CPU.ActiveCfg = Release|Any CPU
		{9FFFB544-F1C6-426B-9128-DF5D5EB3A597}.Release|Any CPU.Build.0 = Release|Any CPU
		{C81EFFA6-E8B4-48D6-9A08-1BDABB4E8E5D}.Debug|Any CPU.ActiveCfg = Debug|Any CPU
		{C81EFFA6-E8B4-48D6-9A08-1BDABB4E8E5D}.Debug|Any CPU.Build.0 = Debug|Any CPU
		{C81EFFA6-E8B4-48D6-9A08-1BDABB4E8E5D}.Release|Any CPU.ActiveCfg = Release|Any CPU
		{C81EFFA6-E8B4-48D6-9A08-1BDABB4E8E5D}.Release|Any CPU.Build.0 = Release|Any CPU
		{71364F8B-1B70-4D30-A76F-71EC07D3A80D}.Debug|Any CPU.ActiveCfg = Debug|Any CPU
		{71364F8B-1B70-4D30-A76F-71EC07D3A80D}.Debug|Any CPU.Build.0 = Debug|Any CPU
		{71364F8B-1B70-4D30-A76F-71EC07D3A80D}.Release|Any CPU.ActiveCfg = Release|Any CPU
		{71364F8B-1B70-4D30-A76F-71EC07D3A80D}.Release|Any CPU.Build.0 = Release|Any CPU
		{AFAADE5A-CA83-4FF2-BEA3-4DD9E58D8DE9}.Debug|Any CPU.ActiveCfg = Debug|Any CPU
		{AFAADE5A-CA83-4FF2-BEA3-4DD9E58D8DE9}.Debug|Any CPU.Build.0 = Debug|Any CPU
		{AFAADE5A-CA83-4FF2-BEA3-4DD9E58D8DE9}.Release|Any CPU.ActiveCfg = Release|Any CPU
		{AFAADE5A-CA83-4FF2-BEA3-4DD9E58D8DE9}.Release|Any CPU.Build.0 = Release|Any CPU
	EndGlobalSection
	GlobalSection(SolutionProperties) = preSolution
		HideSolutionNode = FALSE
	EndGlobalSection
	GlobalSection(NestedProjects) = preSolution
		{AE38ED6E-4ED5-4CD9-A5E1-30CAAE6FF255} = {F43E92FB-7A3D-489D-A574-ACE5DF84FDF6}
		{8E69075E-4056-4CE4-B966-84E6E3A7A6E5} = {F43E92FB-7A3D-489D-A574-ACE5DF84FDF6}
		{174F1735-72A3-46D6-A3F7-2046648DB671} = {F43E92FB-7A3D-489D-A574-ACE5DF84FDF6}
		{E55519DD-FD98-49DF-BAD0-A26964684827} = {F43E92FB-7A3D-489D-A574-ACE5DF84FDF6}
		{CEFC500F-87AB-47D0-A222-CE3C718A14CE} = {F43E92FB-7A3D-489D-A574-ACE5DF84FDF6}
		{93DA57AB-7AE7-4180-8BD8-867D41EDEB41} = {F43E92FB-7A3D-489D-A574-ACE5DF84FDF6}
		{FFE97F5D-0290-4988-BECF-D5ABAF10A970} = {F43E92FB-7A3D-489D-A574-ACE5DF84FDF6}
		{568A5989-8536-4812-9662-9D0B941C8924} = {F43E92FB-7A3D-489D-A574-ACE5DF84FDF6}
		{0DEDC30C-D3D9-469A-9A01-78A7C8D5D8AB} = {8E69075E-4056-4CE4-B966-84E6E3A7A6E5}
		{B0A308D3-FC5D-4ACB-A507-258E55442151} = {174F1735-72A3-46D6-A3F7-2046648DB671}
		{F38E1945-23D0-4041-B6F7-4158D56749DD} = {AE38ED6E-4ED5-4CD9-A5E1-30CAAE6FF255}
		{3073EBD3-84D1-4BBE-AEAA-7FB3B0451DB7} = {568A5989-8536-4812-9662-9D0B941C8924}
		{352F7156-8A66-445F-8C1F-C27B26F4271D} = {E55519DD-FD98-49DF-BAD0-A26964684827}
		{2A1510B0-7FFF-4CA1-A05B-0D53C7A5DB4F} = {93DA57AB-7AE7-4180-8BD8-867D41EDEB41}
		{B7BD3D84-C71B-44A1-A900-AE5EE1D45685} = {FFE97F5D-0290-4988-BECF-D5ABAF10A970}
		{9FFFB544-F1C6-426B-9128-DF5D5EB3A597} = {CEFC500F-87AB-47D0-A222-CE3C718A14CE}
		{C81EFFA6-E8B4-48D6-9A08-1BDABB4E8E5D} = {8E69075E-4056-4CE4-B966-84E6E3A7A6E5}
		{71364F8B-1B70-4D30-A76F-71EC07D3A80D} = {8E69075E-4056-4CE4-B966-84E6E3A7A6E5}
		{AFAADE5A-CA83-4FF2-BEA3-4DD9E58D8DE9} = {8E69075E-4056-4CE4-B966-84E6E3A7A6E5}
	EndGlobalSection
	GlobalSection(ExtensibilityGlobals) = postSolution
		SolutionGuid = {D338BE1B-4FD8-437F-9C0B-4E4050E7B434}
	EndGlobalSection
EndGlobal
